{
  "name": "blog",
  "lockfileVersion": 2,
  "requires": true,
  "packages": {
    "": {
      "dependencies": {
        "chiron-hei-hk-webfont": "^2.5.2"
      }
    },
    "node_modules/chiron-hei-hk-webfont": {
      "version": "2.5.2",
      "resolved": "https://registry.npmjs.org/chiron-hei-hk-webfont/-/chiron-hei-hk-webfont-2.5.2.tgz",
      "integrity": "sha512-SJ3hf+xKcopNLL/CvCoOnzJJnrkVnap9hx0lZkvGZTnd4rAbtc3HQtJ9OPtfm3cVOW29YfNzDo3SuHaI2W5lyw=="
    }
  },
  "dependencies": {
    "chiron-hei-hk-webfont": {
      "version": "2.5.2",
      "resolved": "https://registry.npmjs.org/chiron-hei-hk-webfont/-/chiron-hei-hk-webfont-2.5.2.tgz",
      "integrity": "sha512-SJ3hf+xKcopNLL/CvCoOnzJJnrkVnap9hx0lZkvGZTnd4rAbtc3HQtJ9OPtfm3cVOW29YfNzDo3SuHaI2W5lyw=="
    }
  }
}
